
Microsoft Visual Studio Solution File, Format Version 12.00
# Visual Studio Version 16
VisualStudioVersion = 16.0.31409.214
MinimumVisualStudioVersion = 10.0.40219.1
Project("{9A19103F-16F7-4668-BE54-9A1E7A4F7556}") = "vc-onboarding", "vc-onboarding.csproj", "{7B670A52-6233-433F-95C4-696FCB4DB7F4}"
EndProject
Global
	GlobalSection(SolutionConfigurationPlatforms) = preSolution
		Debug|Any CPU = Debug|Any CPU
		Release|Any CPU = Release|Any CPU
	EndGlobalSection
	GlobalSection(ProjectConfigurationPlatforms) = postSolution
		{7B670A52-6233-433F-95C4-696FCB4DB7F4}.Debug|Any CPU.ActiveCfg = Debug|Any CPU
		{7B670A52-6233-433F-95C4-696FCB4DB7F4}.Debug|Any CPU.Build.0 = Debug|Any CPU
		{7B670A52-6233-433F-95C4-696FCB4DB7F4}.Release|Any CPU.ActiveCfg = Release|Any CPU
		{7B670A52-6233-433F-95C4-696FCB4DB7F4}.Release|Any CPU.Build.0 = Release|Any CPU
	EndGlobalSection
	GlobalSection(SolutionProperties) = preSolution
		HideSolutionNode = FALSE
	EndGlobalSection
	GlobalSection(ExtensibilityGlobals) = postSolution
		SolutionGuid = {3F4ADFB9-11AE-4BCA-95A0-E5383868AC5F}
	EndGlobalSection
EndGlobal
